{
	"name": "@strudel.cycles/webdirt",
	"version": "0.3.0",
	"lockfileVersion": 2,
	"requires": true,
	"packages": {
		"": {
			"name": "@strudel.cycles/webdirt",
			"version": "0.1.0",
			"license": "AGPL-3.0-or-later",
			"dependencies": {
				"WebDirt": "github:dktr0/WebDirt"
			}
		},
		"node_modules/WebDirt": {
			"name": "webdirt",
			"version": "1.0.0",
			"resolved": "git+ssh://git@github.com/dktr0/WebDirt.git#425dc8fd023440d9c61ffdb8642e44e2710faea0",
			"license": "ISC"
		}
	},
	"dependencies": {
		"WebDirt": {
			"version": "git+ssh://git@github.com/dktr0/WebDirt.git#425dc8fd023440d9c61ffdb8642e44e2710faea0",
			"from": "WebDirt@github:dktr0/WebDirt"
		}
	}
}
