{
	"name": "@strudel.cycles/midi",
	"version": "0.0.5",
	"lockfileVersion": 2,
	"requires": true,
	"packages": {
		"": {
			"name": "@strudel.cycles/midi",
			"version": "0.0.4",
			"license": "GPL-3.0-or-later",
			"dependencies": {
				"tone": "^14.7.77",
				"webmidi": "^2.5.2"
			}
		},
		"node_modules/@babel/runtime": {
			"version": "7.17.8",
			"resolved": "https://registry.npmjs.org/@babel/runtime/-/runtime-7.17.8.tgz",
			"integrity": "sha512-dQpEpK0O9o6lj6oPu0gRDbbnk+4LeHlNcBpspf6Olzt3GIX4P1lWF1gS+pHLDFlaJvbR6q7jCfQ08zA4QJBnmA==",
			"dependencies": {
				"regenerator-runtime": "^0.13.4"
			},
			"engines": {
				"node": ">=6.9.0"
			}
		},
		"node_modules/automation-events": {
			"version": "4.0.14",
			"resolved": "https://registry.npmjs.org/automation-events/-/automation-events-4.0.14.tgz",
			"integrity": "sha512-CB2Me0yW8sz7gSGwMiSfgfs1Oqlgs53k+eVESN6axvRyMAD3zlSp2nqndD2TQAtW3yOtSEJWNGsw0r48+f1wtw==",
			"dependencies": {
				"@babel/runtime": "^7.17.2",
				"tslib": "^2.3.1"
			},
			"engines": {
				"node": ">=12.20.1"
			}
		},
		"node_modules/regenerator-runtime": {
			"version": "0.13.9",
			"resolved": "https://registry.npmjs.org/regenerator-runtime/-/regenerator-runtime-0.13.9.tgz",
			"integrity": "sha512-p3VT+cOEgxFsRRA9X4lkI1E+k2/CtnKtU4gcxyaCUreilL/vqI6CdZ3wxVUx3UOUg+gnUOQQcRI7BmSI656MYA=="
		},
		"node_modules/standardized-audio-context": {
			"version": "25.3.21",
			"resolved": "https://registry.npmjs.org/standardized-audio-context/-/standardized-audio-context-25.3.21.tgz",
			"integrity": "sha512-CZEnayJJjNefeU+z1QGDhaid1LAAYxWYa2ipNk75ropwec9rq6fmclyhXb1wGtDsZ402irX3HLt1U/PwP9+1fA==",
			"dependencies": {
				"@babel/runtime": "^7.17.2",
				"automation-events": "^4.0.14",
				"tslib": "^2.3.1"
			}
		},
		"node_modules/tone": {
			"version": "14.7.77",
			"resolved": "https://registry.npmjs.org/tone/-/tone-14.7.77.tgz",
			"integrity": "sha512-tCfK73IkLHyzoKUvGq47gyDyxiKLFvKiVCOobynGgBB9Dl0NkxTM2p+eRJXyCYrjJwy9Y0XCMqD3uOYsYt2Fdg==",
			"dependencies": {
				"standardized-audio-context": "^25.1.8",
				"tslib": "^2.0.1"
			}
		},
		"node_modules/tslib": {
			"version": "2.3.1",
			"resolved": "https://registry.npmjs.org/tslib/-/tslib-2.3.1.tgz",
			"integrity": "sha512-77EbyPPpMz+FRFRuAFlWMtmgUWGe9UOG2Z25NqCwiIjRhOf5iKGuzSe5P2w1laq+FkRy4p+PCuVkJSGkzTEKVw=="
		},
		"node_modules/webmidi": {
			"version": "2.5.3",
			"resolved": "https://registry.npmjs.org/webmidi/-/webmidi-2.5.3.tgz",
			"integrity": "sha512-PyMGvKcDGpvbQUfnmBORQJciyG3VAZ4aHlGy1iRZ3uEs4kG4HCvI7KRthUpM1vuHDPL98lidRIUaoRomkJtWtg==",
			"engines": {
				"node": ">0.6.x"
			}
		}
	},
	"dependencies": {
		"@babel/runtime": {
			"version": "7.17.8",
			"resolved": "https://registry.npmjs.org/@babel/runtime/-/runtime-7.17.8.tgz",
			"integrity": "sha512-dQpEpK0O9o6lj6oPu0gRDbbnk+4LeHlNcBpspf6Olzt3GIX4P1lWF1gS+pHLDFlaJvbR6q7jCfQ08zA4QJBnmA==",
			"requires": {
				"regenerator-runtime": "^0.13.4"
			}
		},
		"automation-events": {
			"version": "4.0.14",
			"resolved": "https://registry.npmjs.org/automation-events/-/automation-events-4.0.14.tgz",
			"integrity": "sha512-CB2Me0yW8sz7gSGwMiSfgfs1Oqlgs53k+eVESN6axvRyMAD3zlSp2nqndD2TQAtW3yOtSEJWNGsw0r48+f1wtw==",
			"requires": {
				"@babel/runtime": "^7.17.2",
				"tslib": "^2.3.1"
			}
		},
		"regenerator-runtime": {
			"version": "0.13.9",
			"resolved": "https://registry.npmjs.org/regenerator-runtime/-/regenerator-runtime-0.13.9.tgz",
			"integrity": "sha512-p3VT+cOEgxFsRRA9X4lkI1E+k2/CtnKtU4gcxyaCUreilL/vqI6CdZ3wxVUx3UOUg+gnUOQQcRI7BmSI656MYA=="
		},
		"standardized-audio-context": {
			"version": "25.3.21",
			"resolved": "https://registry.npmjs.org/standardized-audio-context/-/standardized-audio-context-25.3.21.tgz",
			"integrity": "sha512-CZEnayJJjNefeU+z1QGDhaid1LAAYxWYa2ipNk75ropwec9rq6fmclyhXb1wGtDsZ402irX3HLt1U/PwP9+1fA==",
			"requires": {
				"@babel/runtime": "^7.17.2",
				"automation-events": "^4.0.14",
				"tslib": "^2.3.1"
			}
		},
		"tone": {
			"version": "14.7.77",
			"resolved": "https://registry.npmjs.org/tone/-/tone-14.7.77.tgz",
			"integrity": "sha512-tCfK73IkLHyzoKUvGq47gyDyxiKLFvKiVCOobynGgBB9Dl0NkxTM2p+eRJXyCYrjJwy9Y0XCMqD3uOYsYt2Fdg==",
			"requires": {
				"standardized-audio-context": "^25.1.8",
				"tslib": "^2.0.1"
			}
		},
		"tslib": {
			"version": "2.3.1",
			"resolved": "https://registry.npmjs.org/tslib/-/tslib-2.3.1.tgz",
			"integrity": "sha512-77EbyPPpMz+FRFRuAFlWMtmgUWGe9UOG2Z25NqCwiIjRhOf5iKGuzSe5P2w1laq+FkRy4p+PCuVkJSGkzTEKVw=="
		},
		"webmidi": {
			"version": "2.5.3",
			"resolved": "https://registry.npmjs.org/webmidi/-/webmidi-2.5.3.tgz",
			"integrity": "sha512-PyMGvKcDGpvbQUfnmBORQJciyG3VAZ4aHlGy1iRZ3uEs4kG4HCvI7KRthUpM1vuHDPL98lidRIUaoRomkJtWtg=="
		}
	}
}
