{
	"name": "@strudel.cycles/osc",
	"version": "0.3.0",
	"lockfileVersion": 2,
	"requires": true,
	"packages": {
		"": {
			"name": "@strudel.cycles/osc",
			"version": "0.1.0",
			"license": "AGPL-3.0-or-later",
			"dependencies": {
				"osc-js": "^2.3.2"
			}
		},
		"node_modules/osc-js": {
			"version": "2.3.2",
			"resolved": "https://registry.npmjs.org/osc-js/-/osc-js-2.3.2.tgz",
			"integrity": "sha512-9i7J4u1hH+glooGMh+ki1ni0JGqKmylT8r0nXKugHbRK63rR+kl4O+5tGW6+/EszjbCju3KV+eXQQzFDdGrmhg==",
			"dependencies": {
				"ws": "^8.5.0"
			}
		},
		"node_modules/ws": {
			"version": "8.5.0",
			"resolved": "https://registry.npmjs.org/ws/-/ws-8.5.0.tgz",
			"integrity": "sha512-BWX0SWVgLPzYwF8lTzEy1egjhS4S4OEAHfsO8o65WOVsrnSRGaSiUaa9e0ggGlkMTtBlmOpEXiie9RUcBO86qg==",
			"engines": {
				"node": ">=10.0.0"
			},
			"peerDependencies": {
				"bufferutil": "^4.0.1",
				"utf-8-validate": "^5.0.2"
			},
			"peerDependenciesMeta": {
				"bufferutil": {
					"optional": true
				},
				"utf-8-validate": {
					"optional": true
				}
			}
		}
	},
	"dependencies": {
		"osc-js": {
			"version": "2.3.2",
			"resolved": "https://registry.npmjs.org/osc-js/-/osc-js-2.3.2.tgz",
			"integrity": "sha512-9i7J4u1hH+glooGMh+ki1ni0JGqKmylT8r0nXKugHbRK63rR+kl4O+5tGW6+/EszjbCju3KV+eXQQzFDdGrmhg==",
			"requires": {
				"ws": "^8.5.0"
			}
		},
		"ws": {
			"version": "8.5.0",
			"resolved": "https://registry.npmjs.org/ws/-/ws-8.5.0.tgz",
			"integrity": "sha512-BWX0SWVgLPzYwF8lTzEy1egjhS4S4OEAHfsO8o65WOVsrnSRGaSiUaa9e0ggGlkMTtBlmOpEXiie9RUcBO86qg==",
			"requires": {}
		}
	}
}
