{
  "name": "@strudel.cycles/glicol",
  "version": "0.0.1",
  "lockfileVersion": 2,
  "requires": true,
  "packages": {
    "": {
      "name": "@strudel.cycles/glicol",
      "version": "0.0.1",
      "license": "GPL-3.0-or-later",
      "dependencies": {
        "glicol": "^0.2.8"
      }
    },
    "node_modules/glicol": {
      "version": "0.2.8",
      "resolved": "https://registry.npmjs.org/glicol/-/glicol-0.2.8.tgz",
      "integrity": "sha512-nNRiZIxc4LXXA2J1AsLch6gGC6R43wyLEE4eDjZPG/t9mciRqRoNGo06Fi1e9kkX/viJgFnD25jzoUPlYkEIHg=="
    }
  },
  "dependencies": {
    "glicol": {
      "version": "0.2.8",
      "resolved": "https://registry.npmjs.org/glicol/-/glicol-0.2.8.tgz",
      "integrity": "sha512-nNRiZIxc4LXXA2J1AsLch6gGC6R43wyLEE4eDjZPG/t9mciRqRoNGo06Fi1e9kkX/viJgFnD25jzoUPlYkEIHg=="
    }
  }
}
